<?xml version="1.0" encoding="utf-8"?>
<Project ToolsVersion="4.0" xmlns="http://schemas.microsoft.com/developer/msbuild/2003">
  <ItemGroup>
    <Filter Include="Terrain">
      <UniqueIdentifier>{47433f04-cc27-4a88-9f6d-0bed2028340a}</UniqueIdentifier>
    </Filter>
    <Filter Include="Shared">
      <UniqueIdentifier>{16a50baa-fc20-45bc-9d1c-61179fa8c5d6}</UniqueIdentifier>
    </Filter>
    <Filter Include="Entities">
      <UniqueIdentifier>{8852b993-7dcc-4e63-9760-baf3947e3b23}</UniqueIdentifier>
    </Filter>
    <Filter Include="Items">
      <UniqueIdentifier>{5b59ae39-a628-414f-bf9b-310294fc1e95}</UniqueIdentifier>
    </Filter>
  </ItemGroup>
  <ItemGroup>
    <ClCompile Include="main.cpp" />
    <ClCompile Include="chunk.cpp">
      <Filter>Terrain</Filter>
    </ClCompile>
    <ClCompile Include="block.cpp">
      <Filter>Terrain</Filter>
    </ClCompile>
    <ClCompile Include="renderers.cpp">
      <Filter>Shared</Filter>
    </ClCompile>
    <ClCompile Include="mesh_factories.cpp">
      <Filter>Shared</Filter>
    </ClCompile>
    <ClCompile Include="simplex_noise.cpp">
      <Filter>Terrain</Filter>
    </ClCompile>
    <ClCompile Include="entity.cpp">
      <Filter>Entities</Filter>
    </ClCompile>
    <ClCompile Include="entity_construction.cpp">
      <Filter>Entities</Filter>
    </ClCompile>
    <ClCompile Include="item.cpp">
      <Filter>Items</Filter>
    </ClCompile>
    <ClCompile Include="instance_data.cpp">
      <Filter>Shared</Filter>
    </ClCompile>
    <ClCompile Include="item_ui.cpp">
      <Filter>Items</Filter>
    </ClCompile>
  </ItemGroup>
  <ItemGroup>
    <ClInclude Include="chunk.h">
      <Filter>Terrain</Filter>
    </ClInclude>
    <ClInclude Include="block.h">
      <Filter>Terrain</Filter>
    </ClInclude>
    <ClInclude Include="renderers.h">
      <Filter>Shared</Filter>
    </ClInclude>
    <ClInclude Include="mesh_factories.h">
      <Filter>Shared</Filter>
    </ClInclude>
    <ClInclude Include="simplex_noise.h">
      <Filter>Terrain</Filter>
    </ClInclude>
    <ClInclude Include="entity.h">
      <Filter>Entities</Filter>
    </ClInclude>
    <ClInclude Include="entity_construction.h">
      <Filter>Entities</Filter>
    </ClInclude>
    <ClInclude Include="item.h">
      <Filter>Items</Filter>
    </ClInclude>
    <ClInclude Include="instance_data.h">
      <Filter>Shared</Filter>
    </ClInclude>
    <ClInclude Include="item_ui.h">
      <Filter>Items</Filter>
    </ClInclude>
  </ItemGroup>
</Project>